
Microsoft Visual Studio Solution File, Format Version 12.00
# Visual Studio 15
VisualStudioVersion = 15.0.27703.2047
MinimumVisualStudioVersion = 10.0.40219.1
Project("{FAE04EC0-301F-11D3-BF4B-00C04F79EFBC}") = "Lab23", "Lab23\Lab23.csproj", "{6CCBFBE7-B492-4BED-94A1-130C95C796A9}"
EndProject
Global
	GlobalSection(SolutionConfigurationPlatforms) = preSolution
		Debug|Any CPU = Debug|Any CPU
		Release|Any CPU = Release|Any CPU
	EndGlobalSection
	GlobalSection(ProjectConfigurationPlatforms) = postSolution
		{6CCBFBE7-B492-4BED-94A1-130C95C796A9}.Debug|Any CPU.ActiveCfg = Debug|Any CPU
		{6CCBFBE7-B492-4BED-94A1-130C95C796A9}.Debug|Any CPU.Build.0 = Debug|Any CPU
		{6CCBFBE7-B492-4BED-94A1-130C95C796A9}.Release|Any CPU.ActiveCfg = Release|Any CPU
		{6CCBFBE7-B492-4BED-94A1-130C95C796A9}.Release|Any CPU.Build.0 = Release|Any CPU
	EndGlobalSection
	GlobalSection(SolutionProperties) = preSolution
		HideSolutionNode = FALSE
	EndGlobalSection
	GlobalSection(ExtensibilityGlobals) = postSolution
		SolutionGuid = {851B78DB-3182-4320-8864-CA0DC4B676B6}
	EndGlobalSection
EndGlobal
